
Microsoft Visual Studio Solution File, Format Version 12.00
Project("{FAE04EC0-301F-11D3-BF4B-00C04F79EFBC}") = "ACME.Sample.API", "ACME.Sample.API\ACME.Sample.API.csproj", "{60D1834A-B729-4D63-B313-DE98A8B8809F}"
EndProject
Global
	GlobalSection(SolutionConfigurationPlatforms) = preSolution
		Debug|Any CPU = Debug|Any CPU
		Release|Any CPU = Release|Any CPU
	EndGlobalSection
	GlobalSection(ProjectConfigurationPlatforms) = postSolution
		{60D1834A-B729-4D63-B313-DE98A8B8809F}.Debug|Any CPU.ActiveCfg = Debug|Any CPU
		{60D1834A-B729-4D63-B313-DE98A8B8809F}.Debug|Any CPU.Build.0 = Debug|Any CPU
		{60D1834A-B729-4D63-B313-DE98A8B8809F}.Release|Any CPU.ActiveCfg = Release|Any CPU
		{60D1834A-B729-4D63-B313-DE98A8B8809F}.Release|Any CPU.Build.0 = Release|Any CPU
	EndGlobalSection
EndGlobal
